
Microsoft Visual Studio Solution File, Format Version 12.00
# Visual Studio 14
VisualStudioVersion = 14.0.25420.1
MinimumVisualStudioVersion = 10.0.40219.1
Project("{FAE04EC0-301F-11D3-BF4B-00C04F79EFBC}") = "MbCache", "MbCache\MbCache.csproj", "{45BA5406-F8E5-4931-8114-FFFC821DE7A7}"
EndProject
Project("{FAE04EC0-301F-11D3-BF4B-00C04F79EFBC}") = "MbCacheTest", "MbCacheTest\MbCacheTest.csproj", "{E6434E94-11CE-471C-9652-1571EB3A87C9}"
	ProjectSection(ProjectDependencies) = postProject
		{58384CBB-86FC-4A8D-B47C-D7949C1CC31B} = {58384CBB-86FC-4A8D-B47C-D7949C1CC31B}
	EndProjectSection
EndProject
Project("{FAE04EC0-301F-11D3-BF4B-00C04F79EFBC}") = "MbCache.ProxyImpl.LinFu", "MbCache.ProxyImpl.LinFu\MbCache.ProxyImpl.LinFu.csproj", "{58384CBB-86FC-4A8D-B47C-D7949C1CC31B}"
EndProject
Project("{2150E333-8FDC-42A3-9474-1A3956D46DE8}") = "Build", "Build", "{3376973C-B821-4AF6-B093-FCE8F670004F}"
	ProjectSection(SolutionItems) = preProject
		Build\default.msbuild = Build\default.msbuild
		Build\createRelease.bat = Build\createRelease.bat
		.github\workflows\dotnet.yml = .github\workflows\dotnet.yml
	EndProjectSection
EndProject
Global
	GlobalSection(SolutionConfigurationPlatforms) = preSolution
		Debug|Any CPU = Debug|Any CPU
		Release|Any CPU = Release|Any CPU
	EndGlobalSection
	GlobalSection(ProjectConfigurationPlatforms) = postSolution
		{45BA5406-F8E5-4931-8114-FFFC821DE7A7}.Debug|Any CPU.ActiveCfg = Debug|Any CPU
		{45BA5406-F8E5-4931-8114-FFFC821DE7A7}.Debug|Any CPU.Build.0 = Debug|Any CPU
		{45BA5406-F8E5-4931-8114-FFFC821DE7A7}.Release|Any CPU.ActiveCfg = Release|Any CPU
		{45BA5406-F8E5-4931-8114-FFFC821DE7A7}.Release|Any CPU.Build.0 = Release|Any CPU
		{E6434E94-11CE-471C-9652-1571EB3A87C9}.Debug|Any CPU.ActiveCfg = Debug|Any CPU
		{E6434E94-11CE-471C-9652-1571EB3A87C9}.Debug|Any CPU.Build.0 = Debug|Any CPU
		{E6434E94-11CE-471C-9652-1571EB3A87C9}.Release|Any CPU.ActiveCfg = Release|Any CPU
		{E6434E94-11CE-471C-9652-1571EB3A87C9}.Release|Any CPU.Build.0 = Release|Any CPU
		{58384CBB-86FC-4A8D-B47C-D7949C1CC31B}.Debug|Any CPU.ActiveCfg = Debug|Any CPU
		{58384CBB-86FC-4A8D-B47C-D7949C1CC31B}.Debug|Any CPU.Build.0 = Debug|Any CPU
		{58384CBB-86FC-4A8D-B47C-D7949C1CC31B}.Release|Any CPU.ActiveCfg = Release|Any CPU
		{58384CBB-86FC-4A8D-B47C-D7949C1CC31B}.Release|Any CPU.Build.0 = Release|Any CPU
	EndGlobalSection
	GlobalSection(SolutionProperties) = preSolution
		HideSolutionNode = FALSE
	EndGlobalSection
EndGlobal
